
Microsoft Visual Studio Solution File, Format Version 12.00
# Visual Studio 14
VisualStudioVersion = 14.0.23107.0
MinimumVisualStudioVersion = 10.0.40219.1
Project("{FAE04EC0-301F-11D3-BF4B-00C04F79EFBC}") = "Angular2.REST", "Angular2\Angular2.REST.csproj", "{55D65184-A273-488F-B675-5ABC12112BBC}"
EndProject
Project("{E24C65DC-7377-472B-9ABA-BC803B73C61A}") = "Angular2.Web", "Angular2.Web\", "{6AD96EE0-F3E9-47A8-8896-374B6002E97A}"
	ProjectSection(WebsiteProperties) = preProject
		TargetFrameworkMoniker = ".NETFramework,Version%3Dv4.5.2"
		Debug.AspNetCompiler.VirtualPath = "/localhost_63501"
		Debug.AspNetCompiler.PhysicalPath = "Angular2.Web\"
		Debug.AspNetCompiler.TargetPath = "PrecompiledWeb\localhost_63501\"
		Debug.AspNetCompiler.Updateable = "true"
		Debug.AspNetCompiler.ForceOverwrite = "true"
		Debug.AspNetCompiler.FixedNames = "false"
		Debug.AspNetCompiler.Debug = "True"
		Release.AspNetCompiler.VirtualPath = "/localhost_63501"
		Release.AspNetCompiler.PhysicalPath = "Angular2.Web\"
		Release.AspNetCompiler.TargetPath = "PrecompiledWeb\localhost_63501\"
		Release.AspNetCompiler.Updateable = "true"
		Release.AspNetCompiler.ForceOverwrite = "true"
		Release.AspNetCompiler.FixedNames = "false"
		Release.AspNetCompiler.Debug = "False"
		VWDPort = "63501"
		DefaultWebSiteLanguage = "Visual C#"
	EndProjectSection
EndProject
Global
	GlobalSection(SolutionConfigurationPlatforms) = preSolution
		Debug|Any CPU = Debug|Any CPU
		Release|Any CPU = Release|Any CPU
	EndGlobalSection
	GlobalSection(ProjectConfigurationPlatforms) = postSolution
		{55D65184-A273-488F-B675-5ABC12112BBC}.Debug|Any CPU.ActiveCfg = Debug|Any CPU
		{55D65184-A273-488F-B675-5ABC12112BBC}.Debug|Any CPU.Build.0 = Debug|Any CPU
		{55D65184-A273-488F-B675-5ABC12112BBC}.Release|Any CPU.ActiveCfg = Release|Any CPU
		{55D65184-A273-488F-B675-5ABC12112BBC}.Release|Any CPU.Build.0 = Release|Any CPU
		{6AD96EE0-F3E9-47A8-8896-374B6002E97A}.Debug|Any CPU.ActiveCfg = Debug|Any CPU
		{6AD96EE0-F3E9-47A8-8896-374B6002E97A}.Debug|Any CPU.Build.0 = Debug|Any CPU
		{6AD96EE0-F3E9-47A8-8896-374B6002E97A}.Release|Any CPU.ActiveCfg = Debug|Any CPU
		{6AD96EE0-F3E9-47A8-8896-374B6002E97A}.Release|Any CPU.Build.0 = Debug|Any CPU
	EndGlobalSection
	GlobalSection(SolutionProperties) = preSolution
		HideSolutionNode = FALSE
	EndGlobalSection
EndGlobal
